# This file is automatically @generated by Cargo.
# It is not intended for manual editing.
version = 4

[[package]]
name = "dnser"
version = "0.1.0"

[[package]]
name = "dnser-cache"
version = "0.1.0"

[[package]]
name = "dnser-config"
version = "0.1.0"

[[package]]
name = "dnser-proto"
version = "0.1.0"

[[package]]
name = "dnser-resolver"
version = "0.1.0"

[[package]]
name = "dnser-server"
version = "0.1.0"

[[package]]
name = "dnser-zone"
version = "0.1.0"
